
Microsoft Visual Studio Solution File, Format Version 11.00
# Visual Studio 2010
Project("{8BC9CEB8-8B4A-11D0-8D11-00A0C91BC942}") = "ApiGame", "ApiGame\ApiGame.vcxproj", "{CD34A268-6CE6-4E00-8E34-C2609EF9D450}"
EndProject
Global
	GlobalSection(SolutionConfigurationPlatforms) = preSolution
		Debug|Win32 = Debug|Win32
		Release|Win32 = Release|Win32
	EndGlobalSection
	GlobalSection(ProjectConfigurationPlatforms) = postSolution
		{CD34A268-6CE6-4E00-8E34-C2609EF9D450}.Debug|Win32.ActiveCfg = Debug|Win32
		{CD34A268-6CE6-4E00-8E34-C2609EF9D450}.Debug|Win32.Build.0 = Debug|Win32
		{CD34A268-6CE6-4E00-8E34-C2609EF9D450}.Release|Win32.ActiveCfg = Release|Win32
		{CD34A268-6CE6-4E00-8E34-C2609EF9D450}.Release|Win32.Build.0 = Release|Win32
	EndGlobalSection
	GlobalSection(SolutionProperties) = preSolution
		HideSolutionNode = FALSE
	EndGlobalSection
EndGlobal
