
Microsoft Visual Studio Solution File, Format Version 11.00
# Visual Studio 2010
Project("{8BC9CEB8-8B4A-11D0-8D11-00A0C91BC942}") = "ApiPaint", "ApiPaint\ApiPaint.vcxproj", "{44BC7F21-47B7-4B60-BE64-D5026CBB6D1F}"
EndProject
Global
	GlobalSection(SolutionConfigurationPlatforms) = preSolution
		Debug|Win32 = Debug|Win32
		Release|Win32 = Release|Win32
	EndGlobalSection
	GlobalSection(ProjectConfigurationPlatforms) = postSolution
		{44BC7F21-47B7-4B60-BE64-D5026CBB6D1F}.Debug|Win32.ActiveCfg = Debug|Win32
		{44BC7F21-47B7-4B60-BE64-D5026CBB6D1F}.Debug|Win32.Build.0 = Debug|Win32
		{44BC7F21-47B7-4B60-BE64-D5026CBB6D1F}.Release|Win32.ActiveCfg = Release|Win32
		{44BC7F21-47B7-4B60-BE64-D5026CBB6D1F}.Release|Win32.Build.0 = Release|Win32
	EndGlobalSection
	GlobalSection(SolutionProperties) = preSolution
		HideSolutionNode = FALSE
	EndGlobalSection
EndGlobal
